
Microsoft Visual Studio Solution File, Format Version 12.00
# Visual Studio Version 17
VisualStudioVersion = 17.0.31903.59
MinimumVisualStudioVersion = 10.0.40219.1
Project("{2150E333-8FDC-42A3-9474-1A3956D46DE8}") = "src", "src", "{827E0CD3-B72D-47B6-A68D-7590B98EB39B}"
EndProject
Project("{2150E333-8FDC-42A3-9474-1A3956D46DE8}") = "Domain", "Domain", "{8B290487-4C16-E85E-E807-F579CBE9FC4D}"
EndProject
Project("{FAE04EC0-301F-11D3-BF4B-00C04F79EFBC}") = "VibeTrader.Domain", "src\Domain\VibeTrader.Domain.csproj", "{8480710E-036D-428B-8AE7-61E6912E8EA7}"
EndProject
Project("{FAE04EC0-301F-11D3-BF4B-00C04F79EFBC}") = "VibeTrader.Application", "src\Application\VibeTrader.Application.csproj", "{BFBE26E5-E541-403E-9410-175183CE664D}"
EndProject
Project("{FAE04EC0-301F-11D3-BF4B-00C04F79EFBC}") = "VibeTrader.Infrastructure", "src\Infrastructure\VibeTrader.Infrastructure.csproj", "{FE5EE982-62C7-452F-B9FB-228781ECC2FF}"
EndProject
Project("{FAE04EC0-301F-11D3-BF4B-00C04F79EFBC}") = "VibeTrader.API", "src\API\VibeTrader.API.csproj", "{E20B5344-9F58-48E5-9217-AB52C3C4509E}"
EndProject
Project("{FAE04EC0-301F-11D3-BF4B-00C04F79EFBC}") = "VibeTrader.Client", "src\Client\VibeTrader.Client.csproj", "{A9E0B739-517E-48FD-9E1C-EDE3EE64A0FF}"
EndProject
Global
	GlobalSection(SolutionConfigurationPlatforms) = preSolution
		Debug|Any CPU = Debug|Any CPU
		Debug|x64 = Debug|x64
		Debug|x86 = Debug|x86
		Release|Any CPU = Release|Any CPU
		Release|x64 = Release|x64
		Release|x86 = Release|x86
	EndGlobalSection
	GlobalSection(ProjectConfigurationPlatforms) = postSolution
		{8480710E-036D-428B-8AE7-61E6912E8EA7}.Debug|Any CPU.ActiveCfg = Debug|Any CPU
		{8480710E-036D-428B-8AE7-61E6912E8EA7}.Debug|Any CPU.Build.0 = Debug|Any CPU
		{8480710E-036D-428B-8AE7-61E6912E8EA7}.Debug|x64.ActiveCfg = Debug|Any CPU
		{8480710E-036D-428B-8AE7-61E6912E8EA7}.Debug|x64.Build.0 = Debug|Any CPU
		{8480710E-036D-428B-8AE7-61E6912E8EA7}.Debug|x86.ActiveCfg = Debug|Any CPU
		{8480710E-036D-428B-8AE7-61E6912E8EA7}.Debug|x86.Build.0 = Debug|Any CPU
		{8480710E-036D-428B-8AE7-61E6912E8EA7}.Release|Any CPU.ActiveCfg = Release|Any CPU
		{8480710E-036D-428B-8AE7-61E6912E8EA7}.Release|Any CPU.Build.0 = Release|Any CPU
		{8480710E-036D-428B-8AE7-61E6912E8EA7}.Release|x64.ActiveCfg = Release|Any CPU
		{8480710E-036D-428B-8AE7-61E6912E8EA7}.Release|x64.Build.0 = Release|Any CPU
		{8480710E-036D-428B-8AE7-61E6912E8EA7}.Release|x86.ActiveCfg = Release|Any CPU
		{8480710E-036D-428B-8AE7-61E6912E8EA7}.Release|x86.Build.0 = Release|Any CPU
		{BFBE26E5-E541-403E-9410-175183CE664D}.Debug|Any CPU.ActiveCfg = Debug|Any CPU
		{BFBE26E5-E541-403E-9410-175183CE664D}.Debug|Any CPU.Build.0 = Debug|Any CPU
		{BFBE26E5-E541-403E-9410-175183CE664D}.Debug|x64.ActiveCfg = Debug|Any CPU
		{BFBE26E5-E541-403E-9410-175183CE664D}.Debug|x64.Build.0 = Debug|Any CPU
		{BFBE26E5-E541-403E-9410-175183CE664D}.Debug|x86.ActiveCfg = Debug|Any CPU
		{BFBE26E5-E541-403E-9410-175183CE664D}.Debug|x86.Build.0 = Debug|Any CPU
		{BFBE26E5-E541-403E-9410-175183CE664D}.Release|Any CPU.ActiveCfg = Release|Any CPU
		{BFBE26E5-E541-403E-9410-175183CE664D}.Release|Any CPU.Build.0 = Release|Any CPU
		{BFBE26E5-E541-403E-9410-175183CE664D}.Release|x64.ActiveCfg = Release|Any CPU
		{BFBE26E5-E541-403E-9410-175183CE664D}.Release|x64.Build.0 = Release|Any CPU
		{BFBE26E5-E541-403E-9410-175183CE664D}.Release|x86.ActiveCfg = Release|Any CPU
		{BFBE26E5-E541-403E-9410-175183CE664D}.Release|x86.Build.0 = Release|Any CPU
		{FE5EE982-62C7-452F-B9FB-228781ECC2FF}.Debug|Any CPU.ActiveCfg = Debug|Any CPU
		{FE5EE982-62C7-452F-B9FB-228781ECC2FF}.Debug|Any CPU.Build.0 = Debug|Any CPU
		{FE5EE982-62C7-452F-B9FB-228781ECC2FF}.Debug|x64.ActiveCfg = Debug|Any CPU
		{FE5EE982-62C7-452F-B9FB-228781ECC2FF}.Debug|x64.Build.0 = Debug|Any CPU
		{FE5EE982-62C7-452F-B9FB-228781ECC2FF}.Debug|x86.ActiveCfg = Debug|Any CPU
		{FE5EE982-62C7-452F-B9FB-228781ECC2FF}.Debug|x86.Build.0 = Debug|Any CPU
		{FE5EE982-62C7-452F-B9FB-228781ECC2FF}.Release|Any CPU.ActiveCfg = Release|Any CPU
		{FE5EE982-62C7-452F-B9FB-228781ECC2FF}.Release|Any CPU.Build.0 = Release|Any CPU
		{FE5EE982-62C7-452F-B9FB-228781ECC2FF}.Release|x64.ActiveCfg = Release|Any CPU
		{FE5EE982-62C7-452F-B9FB-228781ECC2FF}.Release|x64.Build.0 = Release|Any CPU
		{FE5EE982-62C7-452F-B9FB-228781ECC2FF}.Release|x86.ActiveCfg = Release|Any CPU
		{FE5EE982-62C7-452F-B9FB-228781ECC2FF}.Release|x86.Build.0 = Release|Any CPU
		{E20B5344-9F58-48E5-9217-AB52C3C4509E}.Debug|Any CPU.ActiveCfg = Debug|Any CPU
		{E20B5344-9F58-48E5-9217-AB52C3C4509E}.Debug|Any CPU.Build.0 = Debug|Any CPU
		{E20B5344-9F58-48E5-9217-AB52C3C4509E}.Debug|x64.ActiveCfg = Debug|Any CPU
		{E20B5344-9F58-48E5-9217-AB52C3C4509E}.Debug|x64.Build.0 = Debug|Any CPU
		{E20B5344-9F58-48E5-9217-AB52C3C4509E}.Debug|x86.ActiveCfg = Debug|Any CPU
		{E20B5344-9F58-48E5-9217-AB52C3C4509E}.Debug|x86.Build.0 = Debug|Any CPU
		{E20B5344-9F58-48E5-9217-AB52C3C4509E}.Release|Any CPU.ActiveCfg = Release|Any CPU
		{E20B5344-9F58-48E5-9217-AB52C3C4509E}.Release|Any CPU.Build.0 = Release|Any CPU
		{E20B5344-9F58-48E5-9217-AB52C3C4509E}.Release|x64.ActiveCfg = Release|Any CPU
		{E20B5344-9F58-48E5-9217-AB52C3C4509E}.Release|x64.Build.0 = Release|Any CPU
		{E20B5344-9F58-48E5-9217-AB52C3C4509E}.Release|x86.ActiveCfg = Release|Any CPU
		{E20B5344-9F58-48E5-9217-AB52C3C4509E}.Release|x86.Build.0 = Release|Any CPU
		{A9E0B739-517E-48FD-9E1C-EDE3EE64A0FF}.Debug|Any CPU.ActiveCfg = Debug|Any CPU
		{A9E0B739-517E-48FD-9E1C-EDE3EE64A0FF}.Debug|Any CPU.Build.0 = Debug|Any CPU
		{A9E0B739-517E-48FD-9E1C-EDE3EE64A0FF}.Debug|x64.ActiveCfg = Debug|Any CPU
		{A9E0B739-517E-48FD-9E1C-EDE3EE64A0FF}.Debug|x64.Build.0 = Debug|Any CPU
		{A9E0B739-517E-48FD-9E1C-EDE3EE64A0FF}.Debug|x86.ActiveCfg = Debug|Any CPU
		{A9E0B739-517E-48FD-9E1C-EDE3EE64A0FF}.Debug|x86.Build.0 = Debug|Any CPU
		{A9E0B739-517E-48FD-9E1C-EDE3EE64A0FF}.Release|Any CPU.ActiveCfg = Release|Any CPU
		{A9E0B739-517E-48FD-9E1C-EDE3EE64A0FF}.Release|Any CPU.Build.0 = Release|Any CPU
		{A9E0B739-517E-48FD-9E1C-EDE3EE64A0FF}.Release|x64.ActiveCfg = Release|Any CPU
		{A9E0B739-517E-48FD-9E1C-EDE3EE64A0FF}.Release|x64.Build.0 = Release|Any CPU
		{A9E0B739-517E-48FD-9E1C-EDE3EE64A0FF}.Release|x86.ActiveCfg = Release|Any CPU
		{A9E0B739-517E-48FD-9E1C-EDE3EE64A0FF}.Release|x86.Build.0 = Release|Any CPU
	EndGlobalSection
	GlobalSection(SolutionProperties) = preSolution
		HideSolutionNode = FALSE
	EndGlobalSection
	GlobalSection(NestedProjects) = preSolution
		{8B290487-4C16-E85E-E807-F579CBE9FC4D} = {827E0CD3-B72D-47B6-A68D-7590B98EB39B}
		{8480710E-036D-428B-8AE7-61E6912E8EA7} = {8B290487-4C16-E85E-E807-F579CBE9FC4D}
		{BFBE26E5-E541-403E-9410-175183CE664D} = {8B290487-4C16-E85E-E807-F579CBE9FC4D}
		{FE5EE982-62C7-452F-B9FB-228781ECC2FF} = {8B290487-4C16-E85E-E807-F579CBE9FC4D}
		{E20B5344-9F58-48E5-9217-AB52C3C4509E} = {8B290487-4C16-E85E-E807-F579CBE9FC4D}
		{A9E0B739-517E-48FD-9E1C-EDE3EE64A0FF} = {8B290487-4C16-E85E-E807-F579CBE9FC4D}
	EndGlobalSection
EndGlobal
